
Microsoft Visual Studio Solution File, Format Version 12.00
# Visual Studio 15
VisualStudioVersion = 15.0.26730.15
MinimumVisualStudioVersion = 10.0.40219.1
Project("{9A19103F-16F7-4668-BE54-9A1E7A4F7556}") = "TinySQLite", "TinySQLite\TinySQLite.csproj", "{15F25078-87E6-4ADA-93C1-20763F22BB13}"
EndProject
Project("{FAE04EC0-301F-11D3-BF4B-00C04F79EFBC}") = "TinySQLite.Net.UnitTests", "TinySQLite.Net.UnitTests\TinySQLite.Net.UnitTests.csproj", "{F65501DD-3446-4656-B453-FF9D684C0C2B}"
EndProject
Global
	GlobalSection(SolutionConfigurationPlatforms) = preSolution
		Debug|Any CPU = Debug|Any CPU
		Debug|x64 = Debug|x64
		Debug|x86 = Debug|x86
		Release|Any CPU = Release|Any CPU
		Release|x64 = Release|x64
		Release|x86 = Release|x86
	EndGlobalSection
	GlobalSection(ProjectConfigurationPlatforms) = postSolution
		{15F25078-87E6-4ADA-93C1-20763F22BB13}.Debug|Any CPU.ActiveCfg = Debug|Any CPU
		{15F25078-87E6-4ADA-93C1-20763F22BB13}.Debug|Any CPU.Build.0 = Debug|Any CPU
		{15F25078-87E6-4ADA-93C1-20763F22BB13}.Debug|x64.ActiveCfg = Debug|Any CPU
		{15F25078-87E6-4ADA-93C1-20763F22BB13}.Debug|x64.Build.0 = Debug|Any CPU
		{15F25078-87E6-4ADA-93C1-20763F22BB13}.Debug|x86.ActiveCfg = Debug|Any CPU
		{15F25078-87E6-4ADA-93C1-20763F22BB13}.Debug|x86.Build.0 = Debug|Any CPU
		{15F25078-87E6-4ADA-93C1-20763F22BB13}.Release|Any CPU.ActiveCfg = Release|Any CPU
		{15F25078-87E6-4ADA-93C1-20763F22BB13}.Release|Any CPU.Build.0 = Release|Any CPU
		{15F25078-87E6-4ADA-93C1-20763F22BB13}.Release|x64.ActiveCfg = Release|Any CPU
		{15F25078-87E6-4ADA-93C1-20763F22BB13}.Release|x64.Build.0 = Release|Any CPU
		{15F25078-87E6-4ADA-93C1-20763F22BB13}.Release|x86.ActiveCfg = Release|Any CPU
		{15F25078-87E6-4ADA-93C1-20763F22BB13}.Release|x86.Build.0 = Release|Any CPU
		{F65501DD-3446-4656-B453-FF9D684C0C2B}.Debug|Any CPU.ActiveCfg = Debug|Any CPU
		{F65501DD-3446-4656-B453-FF9D684C0C2B}.Debug|Any CPU.Build.0 = Debug|Any CPU
		{F65501DD-3446-4656-B453-FF9D684C0C2B}.Debug|x64.ActiveCfg = Debug|x64
		{F65501DD-3446-4656-B453-FF9D684C0C2B}.Debug|x64.Build.0 = Debug|x64
		{F65501DD-3446-4656-B453-FF9D684C0C2B}.Debug|x86.ActiveCfg = Debug|x86
		{F65501DD-3446-4656-B453-FF9D684C0C2B}.Debug|x86.Build.0 = Debug|x86
		{F65501DD-3446-4656-B453-FF9D684C0C2B}.Release|Any CPU.ActiveCfg = Release|Any CPU
		{F65501DD-3446-4656-B453-FF9D684C0C2B}.Release|Any CPU.Build.0 = Release|Any CPU
		{F65501DD-3446-4656-B453-FF9D684C0C2B}.Release|x64.ActiveCfg = Release|x64
		{F65501DD-3446-4656-B453-FF9D684C0C2B}.Release|x64.Build.0 = Release|x64
		{F65501DD-3446-4656-B453-FF9D684C0C2B}.Release|x86.ActiveCfg = Release|x86
		{F65501DD-3446-4656-B453-FF9D684C0C2B}.Release|x86.Build.0 = Release|x86
	EndGlobalSection
	GlobalSection(SolutionProperties) = preSolution
		HideSolutionNode = FALSE
	EndGlobalSection
	GlobalSection(ExtensibilityGlobals) = postSolution
		SolutionGuid = {6B65BA38-AB1C-4748-91C8-DDD22E003553}
	EndGlobalSection
EndGlobal
